PODS:
  - Alamofire (5.0.5)
  - Bugly (2.5.0)
  - IQKeyboardManagerSwift (6.0.5)
  - Kingfisher (5.13.4):
    - Kingfisher/Core (= 5.13.4)
  - Kingfisher/Core (5.13.4)
  - MBProgressHUD (1.1.0)
  - MJRefresh (3.1.12)
  - mob_sharesdk (4.1.4):
    - mob_sharesdk/ShareSDK (= 4.1.4)
    - MOBFoundation
  - mob_sharesdk/ShareSDK (4.1.4):
    - MOBFoundation
  - mob_sharesdk/ShareSDKExtension (4.1.4):
    - mob_sharesdk/ShareSDK
    - MOBFoundation
  - mob_sharesdk/ShareSDKPlatforms/QQ (4.1.4):
    - mob_sharesdk/ShareSDK
    - MOBFoundation
  - mob_sharesdk/ShareSDKPlatforms/WeChat (4.1.4):
    - mob_sharesdk/ShareSDK
    - MOBFoundation
  - mob_sharesdk/ShareSDKUI (4.1.4):
    - mob_sharesdk/ShareSDK
    - MOBFoundation
  - MOBFoundation (3.1.9)
  - RxCocoa (5.1.1):
    - RxRelay (~> 5)
    - RxSwift (~> 5)
  - RxRelay (5.1.1):
    - RxSwift (~> 5)
  - RxSwift (5.1.1)
  - SDWebImage (5.7.3):
    - SDWebImage/Core (= 5.7.3)
  - SDWebImage/Core (5.7.3)
  - SkeletonView (1.8.7)
  - SnapKit (5.0.1)
  - SVProgressHUD (2.1.2)
  - SwiftTTPageController (0.0.6)
  - SwiftyJSON (5.0.0)

DEPENDENCIES:
  - Alamofire (~> 5.0.0)
  - Bugly
  - IQKeyboardManagerSwift (~> 6.0.0)
  - Kingfisher (~> 5.10)
  - MBProgressHUD (~> 1.1.0)
  - MJRefresh (= 3.1.12)
  - mob_sharesdk
  - mob_sharesdk/ShareSDKExtension
  - mob_sharesdk/ShareSDKPlatforms/QQ
  - mob_sharesdk/ShareSDKPlatforms/WeChat
  - mob_sharesdk/ShareSDKUI
  - RxCocoa (~> 5)
  - RxSwift (~> 5)
  - SDWebImage
  - SkeletonView
  - SnapKit (~> 5.0.0)
  - SVProgressHUD (~> 2.1.2)
  - SwiftTTPageController
  - SwiftyJSON (~> 5.0)

SPEC REPOS:
  https://github.com/CocoaPods/Specs.git:
    - Alamofire
    - Bugly
    - IQKeyboardManagerSwift
    - Kingfisher
    - MBProgressHUD
    - MJRefresh
    - mob_sharesdk
    - MOBFoundation
    - RxCocoa
    - RxRelay
    - RxSwift
    - SDWebImage
    - SkeletonView
    - SnapKit
    - SVProgressHUD
    - SwiftTTPageController
    - SwiftyJSON

SPEC CHECKSUMS:
  Alamofire: df2f8f826963b08b9a870791ad48e07a10090b2e
  Bugly: 3ca9f255c01025582df26f9222893b383c7e4b4e
  IQKeyboardManagerSwift: c14eca30f6001457d6ddf25e313f23fb6578c41c
  Kingfisher: d2279a7abece3c7f25a80cd2b7f363ca5cf3f44c
  MBProgressHUD: e7baa36a220447d8aeb12769bf0585582f3866d9
  MJRefresh: b96cdb21c4aa75a7b07654311ab2f315c497e806
  mob_sharesdk: 765cc2fd2fac0a6fd7c3e6c2b10d729ad006c608
  MOBFoundation: 11500153c10d83e4ac341f6ad6301b3998ce6db2
  RxCocoa: 32065309a38d29b5b0db858819b5bf9ef038b601
  RxRelay: d77f7d771495f43c556cbc43eebd1bb54d01e8e9
  RxSwift: 81470a2074fa8780320ea5fe4102807cb7118178
  SDWebImage: 97351f6582ceca541ea294ba66a1fcb342a331c2
  SkeletonView: ba5370f41280b2f0a76918bb143c1294232bb4f4
  SnapKit: 97b92857e3df3a0c71833cce143274bf6ef8e5eb
  SVProgressHUD: c404a55d78acbeb7ebb78b76d3faf986475a6994
  SwiftTTPageController: a6430ed29b939a01d86c60320547b49cef1eac8f
  SwiftyJSON: 36413e04c44ee145039d332b4f4e2d3e8d6c4db7

PODFILE CHECKSUM: 51c15e5ce359aa0baf1f851ec9dba3cbd3f12924

COCOAPODS: 1.9.1
