PODS:
  - Alamofire (4.5.0)
  - FMDB (2.7.2):
    - FMDB/standard (= 2.7.2)
  - FMDB/standard (2.7.2)
  - LKDBHelper (2.4.4):
    - LKDBHelper/standard (= 2.4.4)
  - LKDBHelper/standard (2.4.4):
    - FMDB
  - RxCocoa (3.0.0):
    - RxSwift (~> 3.0)
  - RxDataSources (1.0.4):
    - RxCocoa (~> 3.0)
    - RxSwift (~> 3.0)
  - RxSwift (3.0.0)
  - SVProgressHUD (2.1.2)
  - SwiftyJSON (3.1.4)

DEPENDENCIES:
  - Alamofire (= 4.5)
  - LKDBHelper (~> 2.4.2)
  - RxCocoa (= 3.0)
  - RxDataSources (~> 1.0.4)
  - RxSwift (= 3.0)
  - SVProgressHUD (~> 2.1.2)
  - SwiftyJSON

SPEC CHECKSUMS:
  Alamofire: f28cdffd29de33a7bfa022cbd63ae95a27fae140
  FMDB: 6198a90e7b6900cfc046e6bc0ef6ebb7be9236aa
  LKDBHelper: cf467ff69aaf1e13bd4964aca3a79881d54c6d14
  RxCocoa: 0a2f3ae381cf16f4021a4cee7a4420f83058a965
  RxDataSources: b3389acc5fe2eefb8fcd81a2b76a876ad08bc82a
  RxSwift: a930cd662f5b4a7ca9dc3518585dba91dadf497c
  SVProgressHUD: c404a55d78acbeb7ebb78b76d3faf986475a6994
  SwiftyJSON: c2842d878f95482ffceec5709abc3d05680c0220

PODFILE CHECKSUM: ef3bf4e4f897af21a3b50363f80c7742b04ea1c4

COCOAPODS: 1.0.1
