// !$*UTF8*$!
{
	archiveVersion = 1;
	classes = {
	};
	objectVersion = 46;
	objects = {

/* Begin PBXBuildFile section */
		1CA80F2AEDAEB16E4EC071EF /* Pods_DCTT.framework in Frameworks */ = {isa = PBXBuildFile; fileRef = AC2D79CD06F43F25725B0AC5 /* Pods_DCTT.framework */; };
		A117530B1FC7B0DF00888516 /* AnimationContoller.m in Sources */ = {isa = PBXBuildFile; fileRef = A11753081FC7B0DF00888516 /* AnimationContoller.m */; };
		A117530C1FC7B0DF00888516 /* KLTNavigationController.m in Sources */ = {isa = PBXBuildFile; fileRef = A117530A1FC7B0DF00888516 /* KLTNavigationController.m */; };
		A148A2A41FD6494B0052DDF3 /* publish_image@2x.png in Resources */ = {isa = PBXBuildFile; fileRef = A148A2A31FD6494B0052DDF3 /* publish_image@2x.png */; };
		A148A2A61FD649570052DDF3 /* publish_write@2x.png in Resources */ = {isa = PBXBuildFile; fileRef = A148A2A51FD649570052DDF3 /* publish_write@2x.png */; };
		A148A2A81FD658180052DDF3 /* video_allshare@2x.png in Resources */ = {isa = PBXBuildFile; fileRef = A148A2A71FD658180052DDF3 /* video_allshare@2x.png */; };
		A148A2AB1FD687B40052DDF3 /* PublishTextCell.swift in Sources */ = {isa = PBXBuildFile; fileRef = A148A2A91FD687B40052DDF3 /* PublishTextCell.swift */; };
		A148A2AC1FD687B50052DDF3 /* PublishTextCell.xib in Resources */ = {isa = PBXBuildFile; fileRef = A148A2AA1FD687B40052DDF3 /* PublishTextCell.xib */; };
		A148A2AF1FD687DD0052DDF3 /* PublishImageCell.swift in Sources */ = {isa = PBXBuildFile; fileRef = A148A2AD1FD687DD0052DDF3 /* PublishImageCell.swift */; };
		A148A2B01FD687DD0052DDF3 /* PublishImageCell.xib in Resources */ = {isa = PBXBuildFile; fileRef = A148A2AE1FD687DD0052DDF3 /* PublishImageCell.xib */; };
		A149D2DC1FCE45310072FFE1 /* me.storyboard in Resources */ = {isa = PBXBuildFile; fileRef = A149D2DB1FCE45310072FFE1 /* me.storyboard */; };
		A1783C031FCC128F00E4AB06 /* AllCategoryCell.swift in Sources */ = {isa = PBXBuildFile; fileRef = A1783C011FCC128F00E4AB06 /* AllCategoryCell.swift */; };
		A1783C041FCC128F00E4AB06 /* AllCategoryCell.xib in Resources */ = {isa = PBXBuildFile; fileRef = A1783C021FCC128F00E4AB06 /* AllCategoryCell.xib */; };
		A189DEFE1FCFABCD007911D2 /* area.plist in Resources */ = {isa = PBXBuildFile; fileRef = A189DEFD1FCFABCC007911D2 /* area.plist */; };
		A19C4B631FCD2AD600E9DE59 /* TTSearchBarView.swift in Sources */ = {isa = PBXBuildFile; fileRef = A19C4B621FCD2AD600E9DE59 /* TTSearchBarView.swift */; };
		A1A047AC1FD53C910057CC17 /* TTRefreshFooter.swift in Sources */ = {isa = PBXBuildFile; fileRef = A1A047AA1FD53C910057CC17 /* TTRefreshFooter.swift */; };
		A1A047AD1FD53C910057CC17 /* TTRefreshHeader.swift in Sources */ = {isa = PBXBuildFile; fileRef = A1A047AB1FD53C910057CC17 /* TTRefreshHeader.swift */; };
		A1A047B11FD5493C0057CC17 /* HomeCellSingleImage.swift in Sources */ = {isa = PBXBuildFile; fileRef = A1A047AF1FD5493B0057CC17 /* HomeCellSingleImage.swift */; };
		A1A047B21FD5493C0057CC17 /* HomeCellSingleImage.xib in Resources */ = {isa = PBXBuildFile; fileRef = A1A047B01FD5493B0057CC17 /* HomeCellSingleImage.xib */; };
		A1A047B51FD549660057CC17 /* HomeCellMoreImage.swift in Sources */ = {isa = PBXBuildFile; fileRef = A1A047B31FD549660057CC17 /* HomeCellMoreImage.swift */; };
		A1A047B61FD549660057CC17 /* HomeCellMoreImage.xib in Resources */ = {isa = PBXBuildFile; fileRef = A1A047B41FD549660057CC17 /* HomeCellMoreImage.xib */; };
		A1A642D41FC54FA40058F63B /* AppIcon-News29x29.png in Resources */ = {isa = PBXBuildFile; fileRef = A1A642CD1FC54FA40058F63B /* AppIcon-News29x29.png */; };
		A1A642D51FC54FA40058F63B /* AppIcon-News29x29@2x.png in Resources */ = {isa = PBXBuildFile; fileRef = A1A642CE1FC54FA40058F63B /* AppIcon-News29x29@2x.png */; };
		A1A642D61FC54FA40058F63B /* AppIcon-News29x29@3x.png in Resources */ = {isa = PBXBuildFile; fileRef = A1A642CF1FC54FA40058F63B /* AppIcon-News29x29@3x.png */; };
		A1A642D71FC54FA40058F63B /* AppIcon-News40x40@2x.png in Resources */ = {isa = PBXBuildFile; fileRef = A1A642D01FC54FA40058F63B /* AppIcon-News40x40@2x.png */; };
		A1A642D81FC54FA40058F63B /* AppIcon-News40x40@3x.png in Resources */ = {isa = PBXBuildFile; fileRef = A1A642D11FC54FA40058F63B /* AppIcon-News40x40@3x.png */; };
		A1A642D91FC54FA40058F63B /* AppIcon-News60x60@2x.png in Resources */ = {isa = PBXBuildFile; fileRef = A1A642D21FC54FA40058F63B /* AppIcon-News60x60@2x.png */; };
		A1A642DA1FC54FA40058F63B /* AppIcon-News60x60@3x.png in Resources */ = {isa = PBXBuildFile; fileRef = A1A642D31FC54FA40058F63B /* AppIcon-News60x60@3x.png */; };
		A1A642DC1FC567CB0058F63B /* HomeSearchViewController.swift in Sources */ = {isa = PBXBuildFile; fileRef = A1A642DB1FC567CA0058F63B /* HomeSearchViewController.swift */; };
		A1B5A6431FC4174400871676 /* ymtimg2.jpg in Resources */ = {isa = PBXBuildFile; fileRef = A1B5A6421FC4174400871676 /* ymtimg2.jpg */; };
		A1B5A6451FC41F2200871676 /* sunrise.jpg in Resources */ = {isa = PBXBuildFile; fileRef = A1B5A6441FC41F2200871676 /* sunrise.jpg */; };
		A1C172091FD631E2006BAAA0 /* TTPublishView.swift in Sources */ = {isa = PBXBuildFile; fileRef = A1C172081FD631E2006BAAA0 /* TTPublishView.swift */; };
		A1C402351FCCF41F005BAA9A /* all_category_item.plist in Resources */ = {isa = PBXBuildFile; fileRef = A1C402341FCCF41F005BAA9A /* all_category_item.plist */; };
		A1C4023B1FCCF9A6005BAA9A /* cell_background.png in Resources */ = {isa = PBXBuildFile; fileRef = A1C4023A1FCCF9A6005BAA9A /* cell_background.png */; };
		A1CE83931FC3C0AC00DAF90F /* HomeCell.swift in Sources */ = {isa = PBXBuildFile; fileRef = A1CE83911FC3C0AC00DAF90F /* HomeCell.swift */; };
		A1CE83941FC3C0AC00DAF90F /* HomeCell.xib in Resources */ = {isa = PBXBuildFile; fileRef = A1CE83921FC3C0AC00DAF90F /* HomeCell.xib */; };
		A1CE83991FC3F6AA00DAF90F /* HomeDetailController.swift in Sources */ = {isa = PBXBuildFile; fileRef = A1CE83981FC3F6AA00DAF90F /* HomeDetailController.swift */; };
		A1CE839B1FC3F6D900DAF90F /* FriendsDetailController.swift in Sources */ = {isa = PBXBuildFile; fileRef = A1CE839A1FC3F6D900DAF90F /* FriendsDetailController.swift */; };
		A1CE839E1FC40D3D00DAF90F /* FriendsCollectonViewCell.swift in Sources */ = {isa = PBXBuildFile; fileRef = A1CE839C1FC40D3D00DAF90F /* FriendsCollectonViewCell.swift */; };
		A1CE839F1FC40D3D00DAF90F /* FriendsCollectonViewCell.xib in Resources */ = {isa = PBXBuildFile; fileRef = A1CE839D1FC40D3D00DAF90F /* FriendsCollectonViewCell.xib */; };
		A1CE83A41FC4122D00DAF90F /* 11.png in Resources */ = {isa = PBXBuildFile; fileRef = A1CE83A01FC4122D00DAF90F /* 11.png */; };
		A1CE83A51FC4122D00DAF90F /* 12.png in Resources */ = {isa = PBXBuildFile; fileRef = A1CE83A11FC4122D00DAF90F /* 12.png */; };
		A1CE83A61FC4122D00DAF90F /* 13.png in Resources */ = {isa = PBXBuildFile; fileRef = A1CE83A21FC4122D00DAF90F /* 13.png */; };
		A1CE83A71FC4122D00DAF90F /* 14.png in Resources */ = {isa = PBXBuildFile; fileRef = A1CE83A31FC4122D00DAF90F /* 14.png */; };
		A1DE189F1FC270F300562130 /* TTPageViewController.swift in Sources */ = {isa = PBXBuildFile; fileRef = A1DE189E1FC270F300562130 /* TTPageViewController.swift */; };
		A1DE18A11FC2A0D000562130 /* TTHeadTitleView.swift in Sources */ = {isa = PBXBuildFile; fileRef = A1DE18A01FC2A0D000562130 /* TTHeadTitleView.swift */; };
		A1DFE70B1FB97045001C1905 /* RecentViewController.swift in Sources */ = {isa = PBXBuildFile; fileRef = A1DFE70A1FB97045001C1905 /* RecentViewController.swift */; };
		A1E61D1D1FCE8F560080A12D /* back_bg.png in Resources */ = {isa = PBXBuildFile; fileRef = A1E61D1C1FCE8F560080A12D /* back_bg.png */; };
		A1E61D201FCE93E30080A12D /* MePersonInfoCell.swift in Sources */ = {isa = PBXBuildFile; fileRef = A1E61D1E1FCE93E30080A12D /* MePersonInfoCell.swift */; };
		A1E61D211FCE93E30080A12D /* MePersonInfoCell.xib in Resources */ = {isa = PBXBuildFile; fileRef = A1E61D1F1FCE93E30080A12D /* MePersonInfoCell.xib */; };
		AD10332C1FB6CD4E0017E81C /* common.swift in Sources */ = {isa = PBXBuildFile; fileRef = AD10331D1FB6CD4E0017E81C /* common.swift */; };
		AD10332D1FB6CD4E0017E81C /* constant.swift in Sources */ = {isa = PBXBuildFile; fileRef = AD10331E1FB6CD4E0017E81C /* constant.swift */; };
		AD10332E1FB6CD4E0017E81C /* Extension.swift in Sources */ = {isa = PBXBuildFile; fileRef = AD10331F1FB6CD4E0017E81C /* Extension.swift */; };
		AD10332F1FB6CD4E0017E81C /* error.png in Resources */ = {isa = PBXBuildFile; fileRef = AD1033211FB6CD4E0017E81C /* error.png */; };
		AD1033301FB6CD4E0017E81C /* error@2x.png in Resources */ = {isa = PBXBuildFile; fileRef = AD1033221FB6CD4E0017E81C /* error@2x.png */; };
		AD1033311FB6CD4E0017E81C /* HUD.swift in Sources */ = {isa = PBXBuildFile; fileRef = AD1033231FB6CD4E0017E81C /* HUD.swift */; };
		AD1033321FB6CD4E0017E81C /* success.png in Resources */ = {isa = PBXBuildFile; fileRef = AD1033241FB6CD4E0017E81C /* success.png */; };
		AD1033331FB6CD4E0017E81C /* success@2x.png in Resources */ = {isa = PBXBuildFile; fileRef = AD1033251FB6CD4E0017E81C /* success@2x.png */; };
		AD1033341FB6CD4E0017E81C /* NetHelper.swift in Sources */ = {isa = PBXBuildFile; fileRef = AD1033261FB6CD4E0017E81C /* NetHelper.swift */; };
		AD1033351FB6CD4E0017E81C /* Reachability.m in Sources */ = {isa = PBXBuildFile; fileRef = AD1033291FB6CD4E0017E81C /* Reachability.m */; };
		AD1033361FB6CD4E0017E81C /* themeColor.swift in Sources */ = {isa = PBXBuildFile; fileRef = AD10332A1FB6CD4E0017E81C /* themeColor.swift */; };
		AD1033371FB6CD4E0017E81C /* url.swift in Sources */ = {isa = PBXBuildFile; fileRef = AD10332B1FB6CD4E0017E81C /* url.swift */; };
		AD10333E1FB6CD920017E81C /* BaseNavigationController.swift in Sources */ = {isa = PBXBuildFile; fileRef = AD1033391FB6CD920017E81C /* BaseNavigationController.swift */; };
		AD10333F1FB6CD920017E81C /* BaseTabbarController.swift in Sources */ = {isa = PBXBuildFile; fileRef = AD10333A1FB6CD920017E81C /* BaseTabbarController.swift */; };
		AD1033401FB6CD920017E81C /* BaseTableViewController.swift in Sources */ = {isa = PBXBuildFile; fileRef = AD10333B1FB6CD920017E81C /* BaseTableViewController.swift */; };
		AD1033411FB6CD920017E81C /* BaseViewController.swift in Sources */ = {isa = PBXBuildFile; fileRef = AD10333C1FB6CD920017E81C /* BaseViewController.swift */; };
		AD1033421FB6CD920017E81C /* BaseViewControllerWithTable.swift in Sources */ = {isa = PBXBuildFile; fileRef = AD10333D1FB6CD920017E81C /* BaseViewControllerWithTable.swift */; };
		AD1033441FB6CE560017E81C /* HomeViewController.swift in Sources */ = {isa = PBXBuildFile; fileRef = AD1033431FB6CE560017E81C /* HomeViewController.swift */; };
		AD1033471FB6CEA00017E81C /* MeViewController.swift in Sources */ = {isa = PBXBuildFile; fileRef = AD1033461FB6CEA00017E81C /* MeViewController.swift */; };
		AD1033491FB6CF070017E81C /* FriendsViewController.swift in Sources */ = {isa = PBXBuildFile; fileRef = AD1033481FB6CF070017E81C /* FriendsViewController.swift */; };
		AD10334B1FB6D0D90017E81C /* PublishViewController.swift in Sources */ = {isa = PBXBuildFile; fileRef = AD10334A1FB6D0D90017E81C /* PublishViewController.swift */; };
		AD10334D1FB6D1A40017E81C /* AllViewController.swift in Sources */ = {isa = PBXBuildFile; fileRef = AD10334C1FB6D1A40017E81C /* AllViewController.swift */; };
		AD1490B41FCB08750053FD31 /* trans-navi-left-button@2x.png in Resources */ = {isa = PBXBuildFile; fileRef = AD1490B31FCB08750053FD31 /* trans-navi-left-button@2x.png */; };
		ADEAE5041FB6C8F50048F876 /* AppDelegate.swift in Sources */ = {isa = PBXBuildFile; fileRef = ADEAE5031FB6C8F50048F876 /* AppDelegate.swift */; };
		ADEAE5061FB6C8F50048F876 /* ViewController.swift in Sources */ = {isa = PBXBuildFile; fileRef = ADEAE5051FB6C8F50048F876 /* ViewController.swift */; };
		ADEAE50B1FB6C8F50048F876 /* Assets.xcassets in Resources */ = {isa = PBXBuildFile; fileRef = ADEAE50A1FB6C8F50048F876 /* Assets.xcassets */; };
		ADEAE50E1FB6C8F50048F876 /* LaunchScreen.storyboard in Resources */ = {isa = PBXBuildFile; fileRef = ADEAE50C1FB6C8F50048F876 /* LaunchScreen.storyboard */; };
/* End PBXBuildFile section */

/* Begin PBXFileReference section */
		55B69D6DCD87607BEB534DEA /* Pods-DCTT.debug.xcconfig */ = {isa = PBXFileReference; includeInIndex = 1; lastKnownFileType = text.xcconfig; name = "Pods-DCTT.debug.xcconfig"; path = "Pods/Target Support Files/Pods-DCTT/Pods-DCTT.debug.xcconfig"; sourceTree = "<group>"; };
		604BC239A7045558390DF0BE /* Pods-DCTT.release.xcconfig */ = {isa = PBXFileReference; includeInIndex = 1; lastKnownFileType = text.xcconfig; name = "Pods-DCTT.release.xcconfig"; path = "Pods/Target Support Files/Pods-DCTT/Pods-DCTT.release.xcconfig"; sourceTree = "<group>"; };
		A11753071FC7B0DF00888516 /* AnimationContoller.h */ = {isa = PBXFileReference; fileEncoding = 4; lastKnownFileType = sourcecode.c.h; path = AnimationContoller.h; sourceTree = "<group>"; };
		A11753081FC7B0DF00888516 /* AnimationContoller.m */ = {isa = PBXFileReference; fileEncoding = 4; lastKnownFileType = sourcecode.c.objc; path = AnimationContoller.m; sourceTree = "<group>"; };
		A11753091FC7B0DF00888516 /* KLTNavigationController.h */ = {isa = PBXFileReference; fileEncoding = 4; lastKnownFileType = sourcecode.c.h; path = KLTNavigationController.h; sourceTree = "<group>"; };
		A117530A1FC7B0DF00888516 /* KLTNavigationController.m */ = {isa = PBXFileReference; fileEncoding = 4; lastKnownFileType = sourcecode.c.objc; path = KLTNavigationController.m; sourceTree = "<group>"; };
		A148A2A31FD6494B0052DDF3 /* publish_image@2x.png */ = {isa = PBXFileReference; lastKnownFileType = image.png; path = "publish_image@2x.png"; sourceTree = "<group>"; };
		A148A2A51FD649570052DDF3 /* publish_write@2x.png */ = {isa = PBXFileReference; lastKnownFileType = image.png; path = "publish_write@2x.png"; sourceTree = "<group>"; };
		A148A2A71FD658180052DDF3 /* video_allshare@2x.png */ = {isa = PBXFileReference; lastKnownFileType = image.png; path = "video_allshare@2x.png"; sourceTree = "<group>"; };
		A148A2A91FD687B40052DDF3 /* PublishTextCell.swift */ = {isa = PBXFileReference; fileEncoding = 4; lastKnownFileType = sourcecode.swift; path = PublishTextCell.swift; sourceTree = "<group>"; };
		A148A2AA1FD687B40052DDF3 /* PublishTextCell.xib */ = {isa = PBXFileReference; fileEncoding = 4; lastKnownFileType = file.xib; path = PublishTextCell.xib; sourceTree = "<group>"; };
		A148A2AD1FD687DD0052DDF3 /* PublishImageCell.swift */ = {isa = PBXFileReference; fileEncoding = 4; lastKnownFileType = sourcecode.swift; path = PublishImageCell.swift; sourceTree = "<group>"; };
		A148A2AE1FD687DD0052DDF3 /* PublishImageCell.xib */ = {isa = PBXFileReference; fileEncoding = 4; lastKnownFileType = file.xib; path = PublishImageCell.xib; sourceTree = "<group>"; };
		A149D2DB1FCE45310072FFE1 /* me.storyboard */ = {isa = PBXFileReference; fileEncoding = 4; lastKnownFileType = file.storyboard; path = me.storyboard; sourceTree = "<group>"; };
		A1783C011FCC128F00E4AB06 /* AllCategoryCell.swift */ = {isa = PBXFileReference; fileEncoding = 4; lastKnownFileType = sourcecode.swift; path = AllCategoryCell.swift; sourceTree = "<group>"; };
		A1783C021FCC128F00E4AB06 /* AllCategoryCell.xib */ = {isa = PBXFileReference; fileEncoding = 4; lastKnownFileType = file.xib; path = AllCategoryCell.xib; sourceTree = "<group>"; };
		A189DEFD1FCFABCC007911D2 /* area.plist */ = {isa = PBXFileReference; lastKnownFileType = file.bplist; path = area.plist; sourceTree = "<group>"; };
		A19C4B621FCD2AD600E9DE59 /* TTSearchBarView.swift */ = {isa = PBXFileReference; fileEncoding = 4; lastKnownFileType = sourcecode.swift; path = TTSearchBarView.swift; sourceTree = "<group>"; };
		A1A047AA1FD53C910057CC17 /* TTRefreshFooter.swift */ = {isa = PBXFileReference; fileEncoding = 4; lastKnownFileType = sourcecode.swift; path = TTRefreshFooter.swift; sourceTree = "<group>"; };
		A1A047AB1FD53C910057CC17 /* TTRefreshHeader.swift */ = {isa = PBXFileReference; fileEncoding = 4; lastKnownFileType = sourcecode.swift; path = TTRefreshHeader.swift; sourceTree = "<group>"; };
		A1A047AF1FD5493B0057CC17 /* HomeCellSingleImage.swift */ = {isa = PBXFileReference; fileEncoding = 4; lastKnownFileType = sourcecode.swift; path = HomeCellSingleImage.swift; sourceTree = "<group>"; };
		A1A047B01FD5493B0057CC17 /* HomeCellSingleImage.xib */ = {isa = PBXFileReference; fileEncoding = 4; lastKnownFileType = file.xib; path = HomeCellSingleImage.xib; sourceTree = "<group>"; };
		A1A047B31FD549660057CC17 /* HomeCellMoreImage.swift */ = {isa = PBXFileReference; fileEncoding = 4; lastKnownFileType = sourcecode.swift; path = HomeCellMoreImage.swift; sourceTree = "<group>"; };
		A1A047B41FD549660057CC17 /* HomeCellMoreImage.xib */ = {isa = PBXFileReference; fileEncoding = 4; lastKnownFileType = file.xib; path = HomeCellMoreImage.xib; sourceTree = "<group>"; };
		A1A642CD1FC54FA40058F63B /* AppIcon-News29x29.png */ = {isa = PBXFileReference; lastKnownFileType = image.png; path = "AppIcon-News29x29.png"; sourceTree = "<group>"; };
		A1A642CE1FC54FA40058F63B /* AppIcon-News29x29@2x.png */ = {isa = PBXFileReference; lastKnownFileType = image.png; path = "AppIcon-News29x29@2x.png"; sourceTree = "<group>"; };
		A1A642CF1FC54FA40058F63B /* AppIcon-News29x29@3x.png */ = {isa = PBXFileReference; lastKnownFileType = image.png; path = "AppIcon-News29x29@3x.png"; sourceTree = "<group>"; };
		A1A642D01FC54FA40058F63B /* AppIcon-News40x40@2x.png */ = {isa = PBXFileReference; lastKnownFileType = image.png; path = "AppIcon-News40x40@2x.png"; sourceTree = "<group>"; };
		A1A642D11FC54FA40058F63B /* AppIcon-News40x40@3x.png */ = {isa = PBXFileReference; lastKnownFileType = image.png; path = "AppIcon-News40x40@3x.png"; sourceTree = "<group>"; };
		A1A642D21FC54FA40058F63B /* AppIcon-News60x60@2x.png */ = {isa = PBXFileReference; lastKnownFileType = image.png; path = "AppIcon-News60x60@2x.png"; sourceTree = "<group>"; };
		A1A642D31FC54FA40058F63B /* AppIcon-News60x60@3x.png */ = {isa = PBXFileReference; lastKnownFileType = image.png; path = "AppIcon-News60x60@3x.png"; sourceTree = "<group>"; };
		A1A642DB1FC567CA0058F63B /* HomeSearchViewController.swift */ = {isa = PBXFileReference; fileEncoding = 4; lastKnownFileType = sourcecode.swift; path = HomeSearchViewController.swift; sourceTree = "<group>"; };
		A1B5A6421FC4174400871676 /* ymtimg2.jpg */ = {isa = PBXFileReference; lastKnownFileType = image.jpeg; path = ymtimg2.jpg; sourceTree = "<group>"; };
		A1B5A6441FC41F2200871676 /* sunrise.jpg */ = {isa = PBXFileReference; lastKnownFileType = image.jpeg; path = sunrise.jpg; sourceTree = "<group>"; };
		A1C172081FD631E2006BAAA0 /* TTPublishView.swift */ = {isa = PBXFileReference; fileEncoding = 4; lastKnownFileType = sourcecode.swift; path = TTPublishView.swift; sourceTree = "<group>"; };
		A1C402341FCCF41F005BAA9A /* all_category_item.plist */ = {isa = PBXFileReference; fileEncoding = 4; lastKnownFileType = text.plist.xml; path = all_category_item.plist; sourceTree = "<group>"; };
		A1C4023A1FCCF9A6005BAA9A /* cell_background.png */ = {isa = PBXFileReference; lastKnownFileType = image.png; path = cell_background.png; sourceTree = "<group>"; };
		A1CE83911FC3C0AC00DAF90F /* HomeCell.swift */ = {isa = PBXFileReference; fileEncoding = 4; lastKnownFileType = sourcecode.swift; path = HomeCell.swift; sourceTree = "<group>"; };
		A1CE83921FC3C0AC00DAF90F /* HomeCell.xib */ = {isa = PBXFileReference; fileEncoding = 4; lastKnownFileType = file.xib; path = HomeCell.xib; sourceTree = "<group>"; };
		A1CE83981FC3F6AA00DAF90F /* HomeDetailController.swift */ = {isa = PBXFileReference; fileEncoding = 4; lastKnownFileType = sourcecode.swift; path = HomeDetailController.swift; sourceTree = "<group>"; };
		A1CE839A1FC3F6D900DAF90F /* FriendsDetailController.swift */ = {isa = PBXFileReference; fileEncoding = 4; lastKnownFileType = sourcecode.swift; path = FriendsDetailController.swift; sourceTree = "<group>"; };
		A1CE839C1FC40D3D00DAF90F /* FriendsCollectonViewCell.swift */ = {isa = PBXFileReference; fileEncoding = 4; lastKnownFileType = sourcecode.swift; path = FriendsCollectonViewCell.swift; sourceTree = "<group>"; };
		A1CE839D1FC40D3D00DAF90F /* FriendsCollectonViewCell.xib */ = {isa = PBXFileReference; fileEncoding = 4; lastKnownFileType = file.xib; path = FriendsCollectonViewCell.xib; sourceTree = "<group>"; };
		A1CE83A01FC4122D00DAF90F /* 11.png */ = {isa = PBXFileReference; lastKnownFileType = image.png; path = 11.png; sourceTree = "<group>"; };
		A1CE83A11FC4122D00DAF90F /* 12.png */ = {isa = PBXFileReference; lastKnownFileType = image.png; path = 12.png; sourceTree = "<group>"; };
		A1CE83A21FC4122D00DAF90F /* 13.png */ = {isa = PBXFileReference; lastKnownFileType = image.png; path = 13.png; sourceTree = "<group>"; };
		A1CE83A31FC4122D00DAF90F /* 14.png */ = {isa = PBXFileReference; lastKnownFileType = image.png; path = 14.png; sourceTree = "<group>"; };
		A1DE189E1FC270F300562130 /* TTPageViewController.swift */ = {isa = PBXFileReference; fileEncoding = 4; lastKnownFileType = sourcecode.swift; path = TTPageViewController.swift; sourceTree = "<group>"; };
		A1DE18A01FC2A0D000562130 /* TTHeadTitleView.swift */ = {isa = PBXFileReference; fileEncoding = 4; lastKnownFileType = sourcecode.swift; path = TTHeadTitleView.swift; sourceTree = "<group>"; };
		A1DFE70A1FB97045001C1905 /* RecentViewController.swift */ = {isa = PBXFileReference; fileEncoding = 4; lastKnownFileType = sourcecode.swift; path = RecentViewController.swift; sourceTree = "<group>"; };
		A1E61D1C1FCE8F560080A12D /* back_bg.png */ = {isa = PBXFileReference; lastKnownFileType = image.png; path = back_bg.png; sourceTree = "<group>"; };
		A1E61D1E1FCE93E30080A12D /* MePersonInfoCell.swift */ = {isa = PBXFileReference; fileEncoding = 4; lastKnownFileType = sourcecode.swift; path = MePersonInfoCell.swift; sourceTree = "<group>"; };
		A1E61D1F1FCE93E30080A12D /* MePersonInfoCell.xib */ = {isa = PBXFileReference; fileEncoding = 4; lastKnownFileType = file.xib; path = MePersonInfoCell.xib; sourceTree = "<group>"; };
		A1E853D21FC6924100E8DB85 /* DCTT-Bridging-Header.h */ = {isa = PBXFileReference; lastKnownFileType = sourcecode.c.h; name = "DCTT-Bridging-Header.h"; path = "../BaseController/KLTAnimateNav/DCTT-Bridging-Header.h"; sourceTree = "<group>"; };
		AC2D79CD06F43F25725B0AC5 /* Pods_DCTT.framework */ = {isa = PBXFileReference; explicitFileType = wrapper.framework; includeInIndex = 0; path = Pods_DCTT.framework; sourceTree = BUILT_PRODUCTS_DIR; };
		AD10331D1FB6CD4E0017E81C /* common.swift */ = {isa = PBXFileReference; fileEncoding = 4; lastKnownFileType = sourcecode.swift; path = common.swift; sourceTree = "<group>"; };
		AD10331E1FB6CD4E0017E81C /* constant.swift */ = {isa = PBXFileReference; fileEncoding = 4; lastKnownFileType = sourcecode.swift; path = constant.swift; sourceTree = "<group>"; };
		AD10331F1FB6CD4E0017E81C /* Extension.swift */ = {isa = PBXFileReference; fileEncoding = 4; lastKnownFileType = sourcecode.swift; path = Extension.swift; sourceTree = "<group>"; };
		AD1033211FB6CD4E0017E81C /* error.png */ = {isa = PBXFileReference; lastKnownFileType = image.png; path = error.png; sourceTree = "<group>"; };
		AD1033221FB6CD4E0017E81C /* error@2x.png */ = {isa = PBXFileReference; lastKnownFileType = image.png; path = "error@2x.png"; sourceTree = "<group>"; };
		AD1033231FB6CD4E0017E81C /* HUD.swift */ = {isa = PBXFileReference; fileEncoding = 4; lastKnownFileType = sourcecode.swift; path = HUD.swift; sourceTree = "<group>"; };
		AD1033241FB6CD4E0017E81C /* success.png */ = {isa = PBXFileReference; lastKnownFileType = image.png; path = success.png; sourceTree = "<group>"; };
		AD1033251FB6CD4E0017E81C /* success@2x.png */ = {isa = PBXFileReference; lastKnownFileType = image.png; path = "success@2x.png"; sourceTree = "<group>"; };
		AD1033261FB6CD4E0017E81C /* NetHelper.swift */ = {isa = PBXFileReference; fileEncoding = 4; lastKnownFileType = sourcecode.swift; path = NetHelper.swift; sourceTree = "<group>"; };
		AD1033281FB6CD4E0017E81C /* Reachability.h */ = {isa = PBXFileReference; fileEncoding = 4; lastKnownFileType = sourcecode.c.h; path = Reachability.h; sourceTree = "<group>"; };
		AD1033291FB6CD4E0017E81C /* Reachability.m */ = {isa = PBXFileReference; fileEncoding = 4; lastKnownFileType = sourcecode.c.objc; path = Reachability.m; sourceTree = "<group>"; };
		AD10332A1FB6CD4E0017E81C /* themeColor.swift */ = {isa = PBXFileReference; fileEncoding = 4; lastKnownFileType = sourcecode.swift; path = themeColor.swift; sourceTree = "<group>"; };
		AD10332B1FB6CD4E0017E81C /* url.swift */ = {isa = PBXFileReference; fileEncoding = 4; lastKnownFileType = sourcecode.swift; path = url.swift; sourceTree = "<group>"; };
		AD1033391FB6CD920017E81C /* BaseNavigationController.swift */ = {isa = PBXFileReference; fileEncoding = 4; lastKnownFileType = sourcecode.swift; path = BaseNavigationController.swift; sourceTree = "<group>"; };
		AD10333A1FB6CD920017E81C /* BaseTabbarController.swift */ = {isa = PBXFileReference; fileEncoding = 4; lastKnownFileType = sourcecode.swift; path = BaseTabbarController.swift; sourceTree = "<group>"; };
		AD10333B1FB6CD920017E81C /* BaseTableViewController.swift */ = {isa = PBXFileReference; fileEncoding = 4; lastKnownFileType = sourcecode.swift; path = BaseTableViewController.swift; sourceTree = "<group>"; };
		AD10333C1FB6CD920017E81C /* BaseViewController.swift */ = {isa = PBXFileReference; fileEncoding = 4; lastKnownFileType = sourcecode.swift; path = BaseViewController.swift; sourceTree = "<group>"; };
		AD10333D1FB6CD920017E81C /* BaseViewControllerWithTable.swift */ = {isa = PBXFileReference; fileEncoding = 4; lastKnownFileType = sourcecode.swift; path = BaseViewControllerWithTable.swift; sourceTree = "<group>"; };
		AD1033431FB6CE560017E81C /* HomeViewController.swift */ = {isa = PBXFileReference; fileEncoding = 4; lastKnownFileType = sourcecode.swift; path = HomeViewController.swift; sourceTree = "<group>"; };
		AD1033461FB6CEA00017E81C /* MeViewController.swift */ = {isa = PBXFileReference; fileEncoding = 4; lastKnownFileType = sourcecode.swift; path = MeViewController.swift; sourceTree = "<group>"; };
		AD1033481FB6CF070017E81C /* FriendsViewController.swift */ = {isa = PBXFileReference; fileEncoding = 4; lastKnownFileType = sourcecode.swift; path = FriendsViewController.swift; sourceTree = "<group>"; };
		AD10334A1FB6D0D90017E81C /* PublishViewController.swift */ = {isa = PBXFileReference; fileEncoding = 4; lastKnownFileType = sourcecode.swift; path = PublishViewController.swift; sourceTree = "<group>"; };
		AD10334C1FB6D1A40017E81C /* AllViewController.swift */ = {isa = PBXFileReference; fileEncoding = 4; lastKnownFileType = sourcecode.swift; path = AllViewController.swift; sourceTree = "<group>"; };
		AD1490B31FCB08750053FD31 /* trans-navi-left-button@2x.png */ = {isa = PBXFileReference; lastKnownFileType = image.png; path = "trans-navi-left-button@2x.png"; sourceTree = "<group>"; };
		ADEAE5001FB6C8F50048F876 /* DCTT.app */ = {isa = PBXFileReference; explicitFileType = wrapper.application; includeInIndex = 0; path = DCTT.app; sourceTree = BUILT_PRODUCTS_DIR; };
		ADEAE5031FB6C8F50048F876 /* AppDelegate.swift */ = {isa = PBXFileReference; lastKnownFileType = sourcecode.swift; path = AppDelegate.swift; sourceTree = "<group>"; };
		ADEAE5051FB6C8F50048F876 /* ViewController.swift */ = {isa = PBXFileReference; lastKnownFileType = sourcecode.swift; path = ViewController.swift; sourceTree = "<group>"; };
		ADEAE50A1FB6C8F50048F876 /* Assets.xcassets */ = {isa = PBXFileReference; lastKnownFileType = folder.assetcatalog; path = Assets.xcassets; sourceTree = "<group>"; };
		ADEAE50D1FB6C8F50048F876 /* Base */ = {isa = PBXFileReference; lastKnownFileType = file.storyboard; name = Base; path = Base.lproj/LaunchScreen.storyboard; sourceTree = "<group>"; };
		ADEAE50F1FB6C8F50048F876 /* Info.plist */ = {isa = PBXFileReference; lastKnownFileType = text.plist.xml; path = Info.plist; sourceTree = "<group>"; };
/* End PBXFileReference section */

/* Begin PBXFrameworksBuildPhase section */
		ADEAE4FD1FB6C8F50048F876 /* Frameworks */ = {
			isa = PBXFrameworksBuildPhase;
			buildActionMask = 2147483647;
			files = (
				1CA80F2AEDAEB16E4EC071EF /* Pods_DCTT.framework in Frameworks */,
			);
			runOnlyForDeploymentPostprocessing = 0;
		};
/* End PBXFrameworksBuildPhase section */

/* Begin PBXGroup section */
		A1A047A91FD53C910057CC17 /* Refresh */ = {
			isa = PBXGroup;
			children = (
				A1A047AA1FD53C910057CC17 /* TTRefreshFooter.swift */,
				A1A047AB1FD53C910057CC17 /* TTRefreshHeader.swift */,
			);
			path = Refresh;
			sourceTree = "<group>";
		};
		A1A047AE1FD540320057CC17 /* PickerView */ = {
			isa = PBXGroup;
			children = (
			);
			path = PickerView;
			sourceTree = "<group>";
		};
		A1A642CC1FC54FA40058F63B /* icon */ = {
			isa = PBXGroup;
			children = (
				A1A642CD1FC54FA40058F63B /* AppIcon-News29x29.png */,
				A1A642CE1FC54FA40058F63B /* AppIcon-News29x29@2x.png */,
				A1A642CF1FC54FA40058F63B /* AppIcon-News29x29@3x.png */,
				A1A642D01FC54FA40058F63B /* AppIcon-News40x40@2x.png */,
				A1A642D11FC54FA40058F63B /* AppIcon-News40x40@3x.png */,
				A1A642D21FC54FA40058F63B /* AppIcon-News60x60@2x.png */,
				A1A642D31FC54FA40058F63B /* AppIcon-News60x60@3x.png */,
			);
			path = icon;
			sourceTree = "<group>";
		};
		A1CE83901FC3C05500DAF90F /* view */ = {
			isa = PBXGroup;
			children = (
				A1CE83911FC3C0AC00DAF90F /* HomeCell.swift */,
				A1CE83921FC3C0AC00DAF90F /* HomeCell.xib */,
				A1A047AF1FD5493B0057CC17 /* HomeCellSingleImage.swift */,
				A1A047B01FD5493B0057CC17 /* HomeCellSingleImage.xib */,
				A1A047B31FD549660057CC17 /* HomeCellMoreImage.swift */,
				A1A047B41FD549660057CC17 /* HomeCellMoreImage.xib */,
				A1CE839C1FC40D3D00DAF90F /* FriendsCollectonViewCell.swift */,
				A1CE839D1FC40D3D00DAF90F /* FriendsCollectonViewCell.xib */,
				A1783C011FCC128F00E4AB06 /* AllCategoryCell.swift */,
				A1783C021FCC128F00E4AB06 /* AllCategoryCell.xib */,
				A19C4B621FCD2AD600E9DE59 /* TTSearchBarView.swift */,
				A1E61D1E1FCE93E30080A12D /* MePersonInfoCell.swift */,
				A1E61D1F1FCE93E30080A12D /* MePersonInfoCell.xib */,
				A1C172081FD631E2006BAAA0 /* TTPublishView.swift */,
				A148A2A91FD687B40052DDF3 /* PublishTextCell.swift */,
				A148A2AA1FD687B40052DDF3 /* PublishTextCell.xib */,
				A148A2AD1FD687DD0052DDF3 /* PublishImageCell.swift */,
				A148A2AE1FD687DD0052DDF3 /* PublishImageCell.xib */,
			);
			name = view;
			sourceTree = "<group>";
		};
		A1CE83951FC3CD3600DAF90F /* Test */ = {
			isa = PBXGroup;
			children = (
				A1C4023A1FCCF9A6005BAA9A /* cell_background.png */,
				A148A2A31FD6494B0052DDF3 /* publish_image@2x.png */,
				A148A2A51FD649570052DDF3 /* publish_write@2x.png */,
				A148A2A71FD658180052DDF3 /* video_allshare@2x.png */,
				A1A642CC1FC54FA40058F63B /* icon */,
				A1B5A6421FC4174400871676 /* ymtimg2.jpg */,
				A1CE83A01FC4122D00DAF90F /* 11.png */,
				A1CE83A11FC4122D00DAF90F /* 12.png */,
				A1CE83A21FC4122D00DAF90F /* 13.png */,
				A1CE83A31FC4122D00DAF90F /* 14.png */,
				A1B5A6441FC41F2200871676 /* sunrise.jpg */,
				A1E61D1C1FCE8F560080A12D /* back_bg.png */,
				AD1490B31FCB08750053FD31 /* trans-navi-left-button@2x.png */,
			);
			path = Test;
			sourceTree = "<group>";
		};
		A1E853C81FC690E100E8DB85 /* KLTAnimateNav */ = {
			isa = PBXGroup;
			children = (
				A11753071FC7B0DF00888516 /* AnimationContoller.h */,
				A11753081FC7B0DF00888516 /* AnimationContoller.m */,
				A11753091FC7B0DF00888516 /* KLTNavigationController.h */,
				A117530A1FC7B0DF00888516 /* KLTNavigationController.m */,
			);
			path = KLTAnimateNav;
			sourceTree = "<group>";
		};
		AD10331C1FB6CD4E0017E81C /* com */ = {
			isa = PBXGroup;
			children = (
				A1A047AE1FD540320057CC17 /* PickerView */,
				A1A047A91FD53C910057CC17 /* Refresh */,
				AD10331D1FB6CD4E0017E81C /* common.swift */,
				AD10331E1FB6CD4E0017E81C /* constant.swift */,
				AD10331F1FB6CD4E0017E81C /* Extension.swift */,
				AD1033201FB6CD4E0017E81C /* hud */,
				AD1033261FB6CD4E0017E81C /* NetHelper.swift */,
				AD1033271FB6CD4E0017E81C /* Reachability */,
				AD10332A1FB6CD4E0017E81C /* themeColor.swift */,
				AD10332B1FB6CD4E0017E81C /* url.swift */,
				A1E853D21FC6924100E8DB85 /* DCTT-Bridging-Header.h */,
			);
			path = com;
			sourceTree = "<group>";
		};
		AD1033201FB6CD4E0017E81C /* hud */ = {
			isa = PBXGroup;
			children = (
				AD1033211FB6CD4E0017E81C /* error.png */,
				AD1033221FB6CD4E0017E81C /* error@2x.png */,
				AD1033231FB6CD4E0017E81C /* HUD.swift */,
				AD1033241FB6CD4E0017E81C /* success.png */,
				AD1033251FB6CD4E0017E81C /* success@2x.png */,
			);
			path = hud;
			sourceTree = "<group>";
		};
		AD1033271FB6CD4E0017E81C /* Reachability */ = {
			isa = PBXGroup;
			children = (
				AD1033281FB6CD4E0017E81C /* Reachability.h */,
				AD1033291FB6CD4E0017E81C /* Reachability.m */,
			);
			path = Reachability;
			sourceTree = "<group>";
		};
		AD1033381FB6CD920017E81C /* BaseController */ = {
			isa = PBXGroup;
			children = (
				A1E853C81FC690E100E8DB85 /* KLTAnimateNav */,
				AD1033391FB6CD920017E81C /* BaseNavigationController.swift */,
				AD10333A1FB6CD920017E81C /* BaseTabbarController.swift */,
				AD10333B1FB6CD920017E81C /* BaseTableViewController.swift */,
				AD10333C1FB6CD920017E81C /* BaseViewController.swift */,
				AD10333D1FB6CD920017E81C /* BaseViewControllerWithTable.swift */,
				A1DE189E1FC270F300562130 /* TTPageViewController.swift */,
				A1DE18A01FC2A0D000562130 /* TTHeadTitleView.swift */,
			);
			path = BaseController;
			sourceTree = "<group>";
		};
		AD1033451FB6CE620017E81C /* src */ = {
			isa = PBXGroup;
			children = (
				A1CE83951FC3CD3600DAF90F /* Test */,
				ADEAE5031FB6C8F50048F876 /* AppDelegate.swift */,
				ADEAE5051FB6C8F50048F876 /* ViewController.swift */,
				ADEAE50A1FB6C8F50048F876 /* Assets.xcassets */,
				ADEAE50C1FB6C8F50048F876 /* LaunchScreen.storyboard */,
				A189DEFD1FCFABCC007911D2 /* area.plist */,
				ADEAE50F1FB6C8F50048F876 /* Info.plist */,
				A1C402341FCCF41F005BAA9A /* all_category_item.plist */,
				A149D2DB1FCE45310072FFE1 /* me.storyboard */,
			);
			name = src;
			sourceTree = "<group>";
		};
		ADEAE4F71FB6C8F50048F876 = {
			isa = PBXGroup;
			children = (
				ADEAE5021FB6C8F50048F876 /* DCTT */,
				ADEAE5011FB6C8F50048F876 /* Products */,
				CEA6F35E826BA6E368A5F0B9 /* Pods */,
				F8FF311E57F7B47EEFDC36E3 /* Frameworks */,
			);
			sourceTree = "<group>";
		};
		ADEAE5011FB6C8F50048F876 /* Products */ = {
			isa = PBXGroup;
			children = (
				ADEAE5001FB6C8F50048F876 /* DCTT.app */,
			);
			name = Products;
			sourceTree = "<group>";
		};
		ADEAE5021FB6C8F50048F876 /* DCTT */ = {
			isa = PBXGroup;
			children = (
				A1CE83901FC3C05500DAF90F /* view */,
				AD10331C1FB6CD4E0017E81C /* com */,
				AD1033381FB6CD920017E81C /* BaseController */,
				AD1033431FB6CE560017E81C /* HomeViewController.swift */,
				A1A642DB1FC567CA0058F63B /* HomeSearchViewController.swift */,
				A1CE83981FC3F6AA00DAF90F /* HomeDetailController.swift */,
				A1DFE70A1FB97045001C1905 /* RecentViewController.swift */,
				AD1033481FB6CF070017E81C /* FriendsViewController.swift */,
				A1CE839A1FC3F6D900DAF90F /* FriendsDetailController.swift */,
				AD10334A1FB6D0D90017E81C /* PublishViewController.swift */,
				AD10334C1FB6D1A40017E81C /* AllViewController.swift */,
				AD1033461FB6CEA00017E81C /* MeViewController.swift */,
				AD1033451FB6CE620017E81C /* src */,
			);
			path = DCTT;
			sourceTree = "<group>";
		};
		CEA6F35E826BA6E368A5F0B9 /* Pods */ = {
			isa = PBXGroup;
			children = (
				55B69D6DCD87607BEB534DEA /* Pods-DCTT.debug.xcconfig */,
				604BC239A7045558390DF0BE /* Pods-DCTT.release.xcconfig */,
			);
			name = Pods;
			sourceTree = "<group>";
		};
		F8FF311E57F7B47EEFDC36E3 /* Frameworks */ = {
			isa = PBXGroup;
			children = (
				AC2D79CD06F43F25725B0AC5 /* Pods_DCTT.framework */,
			);
			name = Frameworks;
			sourceTree = "<group>";
		};
/* End PBXGroup section */

/* Begin PBXNativeTarget section */
		ADEAE4FF1FB6C8F50048F876 /* DCTT */ = {
			isa = PBXNativeTarget;
			buildConfigurationList = ADEAE5121FB6C8F50048F876 /* Build configuration list for PBXNativeTarget "DCTT" */;
			buildPhases = (
				44F982F32310EB1E31833B2F /* [CP] Check Pods Manifest.lock */,
				ADEAE4FC1FB6C8F50048F876 /* Sources */,
				ADEAE4FD1FB6C8F50048F876 /* Frameworks */,
				ADEAE4FE1FB6C8F50048F876 /* Resources */,
				200D444494E446E757124DD0 /* [CP] Embed Pods Frameworks */,
				DC35A96028B5B831E98C95EE /* [CP] Copy Pods Resources */,
			);
			buildRules = (
			);
			dependencies = (
			);
			name = DCTT;
			productName = DCTT;
			productReference = ADEAE5001FB6C8F50048F876 /* DCTT.app */;
			productType = "com.apple.product-type.application";
		};
/* End PBXNativeTarget section */

/* Begin PBXProject section */
		ADEAE4F81FB6C8F50048F876 /* Project object */ = {
			isa = PBXProject;
			attributes = {
				LastSwiftUpdateCheck = 0830;
				LastUpgradeCheck = 0830;
				ORGANIZATIONNAME = Light.W;
				TargetAttributes = {
					ADEAE4FF1FB6C8F50048F876 = {
						CreatedOnToolsVersion = 8.3.1;
						DevelopmentTeam = 8R29X3H9MY;
						ProvisioningStyle = Automatic;
					};
				};
			};
			buildConfigurationList = ADEAE4FB1FB6C8F50048F876 /* Build configuration list for PBXProject "DCTT" */;
			compatibilityVersion = "Xcode 3.2";
			developmentRegion = English;
			hasScannedForEncodings = 0;
			knownRegions = (
				en,
				Base,
			);
			mainGroup = ADEAE4F71FB6C8F50048F876;
			productRefGroup = ADEAE5011FB6C8F50048F876 /* Products */;
			projectDirPath = "";
			projectRoot = "";
			targets = (
				ADEAE4FF1FB6C8F50048F876 /* DCTT */,
			);
		};
/* End PBXProject section */

/* Begin PBXResourcesBuildPhase section */
		ADEAE4FE1FB6C8F50048F876 /* Resources */ = {
			isa = PBXResourcesBuildPhase;
			buildActionMask = 2147483647;
			files = (
				A1CE83A71FC4122D00DAF90F /* 14.png in Resources */,
				A1A047B61FD549660057CC17 /* HomeCellMoreImage.xib in Resources */,
				A1A642D91FC54FA40058F63B /* AppIcon-News60x60@2x.png in Resources */,
				A1E61D211FCE93E30080A12D /* MePersonInfoCell.xib in Resources */,
				A1CE83941FC3C0AC00DAF90F /* HomeCell.xib in Resources */,
				A1A642DA1FC54FA40058F63B /* AppIcon-News60x60@3x.png in Resources */,
				A149D2DC1FCE45310072FFE1 /* me.storyboard in Resources */,
				AD1033331FB6CD4E0017E81C /* success@2x.png in Resources */,
				ADEAE50E1FB6C8F50048F876 /* LaunchScreen.storyboard in Resources */,
				AD1490B41FCB08750053FD31 /* trans-navi-left-button@2x.png in Resources */,
				AD1033321FB6CD4E0017E81C /* success.png in Resources */,
				AD1033301FB6CD4E0017E81C /* error@2x.png in Resources */,
				A1E61D1D1FCE8F560080A12D /* back_bg.png in Resources */,
				A1A642D81FC54FA40058F63B /* AppIcon-News40x40@3x.png in Resources */,
				A1A642D41FC54FA40058F63B /* AppIcon-News29x29.png in Resources */,
				A1A642D51FC54FA40058F63B /* AppIcon-News29x29@2x.png in Resources */,
				A1CE83A61FC4122D00DAF90F /* 13.png in Resources */,
				A189DEFE1FCFABCD007911D2 /* area.plist in Resources */,
				A1CE83A41FC4122D00DAF90F /* 11.png in Resources */,
				A148A2A61FD649570052DDF3 /* publish_write@2x.png in Resources */,
				ADEAE50B1FB6C8F50048F876 /* Assets.xcassets in Resources */,
				A1C4023B1FCCF9A6005BAA9A /* cell_background.png in Resources */,
				A1A642D71FC54FA40058F63B /* AppIcon-News40x40@2x.png in Resources */,
				A1B5A6431FC4174400871676 /* ymtimg2.jpg in Resources */,
				A1783C041FCC128F00E4AB06 /* AllCategoryCell.xib in Resources */,
				A1CE83A51FC4122D00DAF90F /* 12.png in Resources */,
				A1B5A6451FC41F2200871676 /* sunrise.jpg in Resources */,
				A1A642D61FC54FA40058F63B /* AppIcon-News29x29@3x.png in Resources */,
				A1A047B21FD5493C0057CC17 /* HomeCellSingleImage.xib in Resources */,
				A1C402351FCCF41F005BAA9A /* all_category_item.plist in Resources */,
				A148A2A81FD658180052DDF3 /* video_allshare@2x.png in Resources */,
				A148A2A41FD6494B0052DDF3 /* publish_image@2x.png in Resources */,
				A1CE839F1FC40D3D00DAF90F /* FriendsCollectonViewCell.xib in Resources */,
				AD10332F1FB6CD4E0017E81C /* error.png in Resources */,
				A148A2AC1FD687B50052DDF3 /* PublishTextCell.xib in Resources */,
				A148A2B01FD687DD0052DDF3 /* PublishImageCell.xib in Resources */,
			);
			runOnlyForDeploymentPostprocessing = 0;
		};
/* End PBXResourcesBuildPhase section */

/* Begin PBXShellScriptBuildPhase section */
		200D444494E446E757124DD0 /* [CP] Embed Pods Frameworks */ = {
			isa = PBXShellScriptBuildPhase;
			buildActionMask = 2147483647;
			files = (
			);
			inputPaths = (
				"${SRCROOT}/Pods/Target Support Files/Pods-DCTT/Pods-DCTT-frameworks.sh",
				"${BUILT_PRODUCTS_DIR}/Alamofire/Alamofire.framework",
				"${BUILT_PRODUCTS_DIR}/FMDB/FMDB.framework",
				"${BUILT_PRODUCTS_DIR}/LKDBHelper/LKDBHelper.framework",
				"${BUILT_PRODUCTS_DIR}/MJRefresh/MJRefresh.framework",
				"${BUILT_PRODUCTS_DIR}/RxCocoa/RxCocoa.framework",
				"${BUILT_PRODUCTS_DIR}/RxDataSources/RxDataSources.framework",
				"${BUILT_PRODUCTS_DIR}/RxSwift/RxSwift.framework",
				"${BUILT_PRODUCTS_DIR}/SVProgressHUD/SVProgressHUD.framework",
				"${BUILT_PRODUCTS_DIR}/SwiftyJSON/SwiftyJSON.framework",
			);
			name = "[CP] Embed Pods Frameworks";
			outputPaths = (
				"${TARGET_BUILD_DIR}/${FRAMEWORKS_FOLDER_PATH}/Alamofire.framework",
				"${TARGET_BUILD_DIR}/${FRAMEWORKS_FOLDER_PATH}/FMDB.framework",
				"${TARGET_BUILD_DIR}/${FRAMEWORKS_FOLDER_PATH}/LKDBHelper.framework",
				"${TARGET_BUILD_DIR}/${FRAMEWORKS_FOLDER_PATH}/MJRefresh.framework",
				"${TARGET_BUILD_DIR}/${FRAMEWORKS_FOLDER_PATH}/RxCocoa.framework",
				"${TARGET_BUILD_DIR}/${FRAMEWORKS_FOLDER_PATH}/RxDataSources.framework",
				"${TARGET_BUILD_DIR}/${FRAMEWORKS_FOLDER_PATH}/RxSwift.framework",
				"${TARGET_BUILD_DIR}/${FRAMEWORKS_FOLDER_PATH}/SVProgressHUD.framework",
				"${TARGET_BUILD_DIR}/${FRAMEWORKS_FOLDER_PATH}/SwiftyJSON.framework",
			);
			runOnlyForDeploymentPostprocessing = 0;
			shellPath = /bin/sh;
			shellScript = "\"${SRCROOT}/Pods/Target Support Files/Pods-DCTT/Pods-DCTT-frameworks.sh\"\n";
			showEnvVarsInLog = 0;
		};
		44F982F32310EB1E31833B2F /* [CP] Check Pods Manifest.lock */ = {
			isa = PBXShellScriptBuildPhase;
			buildActionMask = 2147483647;
			files = (
			);
			inputPaths = (
				"${PODS_PODFILE_DIR_PATH}/Podfile.lock",
				"${PODS_ROOT}/Manifest.lock",
			);
			name = "[CP] Check Pods Manifest.lock";
			outputPaths = (
				"$(DERIVED_FILE_DIR)/Pods-DCTT-checkManifestLockResult.txt",
			);
			runOnlyForDeploymentPostprocessing = 0;
			shellPath = /bin/sh;
			shellScript = "diff \"${PODS_ROOT}/../Podfile.lock\" \"${PODS_ROOT}/Manifest.lock\" > /dev/null\nif [[ $? != 0 ]] ; then\n    cat << EOM\nerror: The sandbox is not in sync with the Podfile.lock. Run 'pod install' or update your CocoaPods installation.\nEOM\n    exit 1\nfi\n";
			showEnvVarsInLog = 0;
		};
		DC35A96028B5B831E98C95EE /* [CP] Copy Pods Resources */ = {
			isa = PBXShellScriptBuildPhase;
			buildActionMask = 2147483647;
			files = (
			);
			inputPaths = (
			);
			name = "[CP] Copy Pods Resources";
			outputPaths = (
			);
			runOnlyForDeploymentPostprocessing = 0;
			shellPath = /bin/sh;
			shellScript = "\"${SRCROOT}/Pods/Target Support Files/Pods-DCTT/Pods-DCTT-resources.sh\"\n";
			showEnvVarsInLog = 0;
		};
/* End PBXShellScriptBuildPhase section */

/* Begin PBXSourcesBuildPhase section */
		ADEAE4FC1FB6C8F50048F876 /* Sources */ = {
			isa = PBXSourcesBuildPhase;
			buildActionMask = 2147483647;
			files = (
				A1783C031FCC128F00E4AB06 /* AllCategoryCell.swift in Sources */,
				AD1033471FB6CEA00017E81C /* MeViewController.swift in Sources */,
				AD10332E1FB6CD4E0017E81C /* Extension.swift in Sources */,
				A148A2AF1FD687DD0052DDF3 /* PublishImageCell.swift in Sources */,
				ADEAE5061FB6C8F50048F876 /* ViewController.swift in Sources */,
				AD1033401FB6CD920017E81C /* BaseTableViewController.swift in Sources */,
				AD1033351FB6CD4E0017E81C /* Reachability.m in Sources */,
				ADEAE5041FB6C8F50048F876 /* AppDelegate.swift in Sources */,
				AD10334D1FB6D1A40017E81C /* AllViewController.swift in Sources */,
				A1A047AC1FD53C910057CC17 /* TTRefreshFooter.swift in Sources */,
				AD1033411FB6CD920017E81C /* BaseViewController.swift in Sources */,
				A1A047B51FD549660057CC17 /* HomeCellMoreImage.swift in Sources */,
				A1A047AD1FD53C910057CC17 /* TTRefreshHeader.swift in Sources */,
				A1C172091FD631E2006BAAA0 /* TTPublishView.swift in Sources */,
				AD1033311FB6CD4E0017E81C /* HUD.swift in Sources */,
				A148A2AB1FD687B40052DDF3 /* PublishTextCell.swift in Sources */,
				AD10332C1FB6CD4E0017E81C /* common.swift in Sources */,
				AD1033361FB6CD4E0017E81C /* themeColor.swift in Sources */,
				A1A047B11FD5493C0057CC17 /* HomeCellSingleImage.swift in Sources */,
				AD1033491FB6CF070017E81C /* FriendsViewController.swift in Sources */,
				AD10333E1FB6CD920017E81C /* BaseNavigationController.swift in Sources */,
				AD10334B1FB6D0D90017E81C /* PublishViewController.swift in Sources */,
				A1CE83931FC3C0AC00DAF90F /* HomeCell.swift in Sources */,
				A1E61D201FCE93E30080A12D /* MePersonInfoCell.swift in Sources */,
				A117530B1FC7B0DF00888516 /* AnimationContoller.m in Sources */,
				AD10333F1FB6CD920017E81C /* BaseTabbarController.swift in Sources */,
				A1A642DC1FC567CB0058F63B /* HomeSearchViewController.swift in Sources */,
				A1DE189F1FC270F300562130 /* TTPageViewController.swift in Sources */,
				A1DFE70B1FB97045001C1905 /* RecentViewController.swift in Sources */,
				AD1033441FB6CE560017E81C /* HomeViewController.swift in Sources */,
				A1CE839B1FC3F6D900DAF90F /* FriendsDetailController.swift in Sources */,
				AD1033371FB6CD4E0017E81C /* url.swift in Sources */,
				A1CE839E1FC40D3D00DAF90F /* FriendsCollectonViewCell.swift in Sources */,
				A117530C1FC7B0DF00888516 /* KLTNavigationController.m in Sources */,
				AD1033341FB6CD4E0017E81C /* NetHelper.swift in Sources */,
				AD1033421FB6CD920017E81C /* BaseViewControllerWithTable.swift in Sources */,
				AD10332D1FB6CD4E0017E81C /* constant.swift in Sources */,
				A1DE18A11FC2A0D000562130 /* TTHeadTitleView.swift in Sources */,
				A19C4B631FCD2AD600E9DE59 /* TTSearchBarView.swift in Sources */,
				A1CE83991FC3F6AA00DAF90F /* HomeDetailController.swift in Sources */,
			);
			runOnlyForDeploymentPostprocessing = 0;
		};
/* End PBXSourcesBuildPhase section */

/* Begin PBXVariantGroup section */
		ADEAE50C1FB6C8F50048F876 /* LaunchScreen.storyboard */ = {
			isa = PBXVariantGroup;
			children = (
				ADEAE50D1FB6C8F50048F876 /* Base */,
			);
			name = LaunchScreen.storyboard;
			sourceTree = "<group>";
		};
/* End PBXVariantGroup section */

/* Begin XCBuildConfiguration section */
		ADEAE5101FB6C8F50048F876 /* Debug */ = {
			isa = XCBuildConfiguration;
			buildSettings = {
				ALWAYS_SEARCH_USER_PATHS = NO;
				CLANG_ANALYZER_NONNULL = YES;
				CLANG_ANALYZER_NUMBER_OBJECT_CONVERSION = YES_AGGRESSIVE;
				CLANG_CXX_LANGUAGE_STANDARD = "gnu++0x";
				CLANG_CXX_LIBRARY = "libc++";
				CLANG_ENABLE_MODULES = YES;
				CLANG_ENABLE_OBJC_ARC = YES;
				CLANG_WARN_BOOL_CONVERSION = YES;
				CLANG_WARN_CONSTANT_CONVERSION = YES;
				CLANG_WARN_DIRECT_OBJC_ISA_USAGE = YES_ERROR;
				CLANG_WARN_DOCUMENTATION_COMMENTS = YES;
				CLANG_WARN_EMPTY_BODY = YES;
				CLANG_WARN_ENUM_CONVERSION = YES;
				CLANG_WARN_INFINITE_RECURSION = YES;
				CLANG_WARN_INT_CONVERSION = YES;
				CLANG_WARN_OBJC_ROOT_CLASS = YES_ERROR;
				CLANG_WARN_SUSPICIOUS_MOVE = YES;
				CLANG_WARN_UNREACHABLE_CODE = YES;
				CLANG_WARN__DUPLICATE_METHOD_MATCH = YES;
				"CODE_SIGN_IDENTITY[sdk=iphoneos*]" = "iPhone Developer";
				COPY_PHASE_STRIP = NO;
				DEBUG_INFORMATION_FORMAT = dwarf;
				ENABLE_STRICT_OBJC_MSGSEND = YES;
				ENABLE_TESTABILITY = YES;
				GCC_C_LANGUAGE_STANDARD = gnu99;
				GCC_DYNAMIC_NO_PIC = NO;
				GCC_NO_COMMON_BLOCKS = YES;
				GCC_OPTIMIZATION_LEVEL = 0;
				GCC_PREPROCESSOR_DEFINITIONS = (
					"DEBUG=1",
					"$(inherited)",
				);
				GCC_WARN_64_TO_32_BIT_CONVERSION = YES;
				GCC_WARN_ABOUT_RETURN_TYPE = YES_ERROR;
				GCC_WARN_UNDECLARED_SELECTOR = YES;
				GCC_WARN_UNINITIALIZED_AUTOS = YES_AGGRESSIVE;
				GCC_WARN_UNUSED_FUNCTION = YES;
				GCC_WARN_UNUSED_VARIABLE = YES;
				IPHONEOS_DEPLOYMENT_TARGET = 9.0;
				MTL_ENABLE_DEBUG_INFO = YES;
				ONLY_ACTIVE_ARCH = YES;
				SDKROOT = iphoneos;
				SWIFT_ACTIVE_COMPILATION_CONDITIONS = DEBUG;
				SWIFT_OPTIMIZATION_LEVEL = "-Onone";
			};
			name = Debug;
		};
		ADEAE5111FB6C8F50048F876 /* Release */ = {
			isa = XCBuildConfiguration;
			buildSettings = {
				ALWAYS_SEARCH_USER_PATHS = NO;
				CLANG_ANALYZER_NONNULL = YES;
				CLANG_ANALYZER_NUMBER_OBJECT_CONVERSION = YES_AGGRESSIVE;
				CLANG_CXX_LANGUAGE_STANDARD = "gnu++0x";
				CLANG_CXX_LIBRARY = "libc++";
				CLANG_ENABLE_MODULES = YES;
				CLANG_ENABLE_OBJC_ARC = YES;
				CLANG_WARN_BOOL_CONVERSION = YES;
				CLANG_WARN_CONSTANT_CONVERSION = YES;
				CLANG_WARN_DIRECT_OBJC_ISA_USAGE = YES_ERROR;
				CLANG_WARN_DOCUMENTATION_COMMENTS = YES;
				CLANG_WARN_EMPTY_BODY = YES;
				CLANG_WARN_ENUM_CONVERSION = YES;
				CLANG_WARN_INFINITE_RECURSION = YES;
				CLANG_WARN_INT_CONVERSION = YES;
				CLANG_WARN_OBJC_ROOT_CLASS = YES_ERROR;
				CLANG_WARN_SUSPICIOUS_MOVE = YES;
				CLANG_WARN_UNREACHABLE_CODE = YES;
				CLANG_WARN__DUPLICATE_METHOD_MATCH = YES;
				"CODE_SIGN_IDENTITY[sdk=iphoneos*]" = "iPhone Developer";
				COPY_PHASE_STRIP = NO;
				DEBUG_INFORMATION_FORMAT = "dwarf-with-dsym";
				ENABLE_NS_ASSERTIONS = NO;
				ENABLE_STRICT_OBJC_MSGSEND = YES;
				GCC_C_LANGUAGE_STANDARD = gnu99;
				GCC_NO_COMMON_BLOCKS = YES;
				GCC_WARN_64_TO_32_BIT_CONVERSION = YES;
				GCC_WARN_ABOUT_RETURN_TYPE = YES_ERROR;
				GCC_WARN_UNDECLARED_SELECTOR = YES;
				GCC_WARN_UNINITIALIZED_AUTOS = YES_AGGRESSIVE;
				GCC_WARN_UNUSED_FUNCTION = YES;
				GCC_WARN_UNUSED_VARIABLE = YES;
				IPHONEOS_DEPLOYMENT_TARGET = 9.0;
				MTL_ENABLE_DEBUG_INFO = NO;
				SDKROOT = iphoneos;
				SWIFT_OPTIMIZATION_LEVEL = "-Owholemodule";
				VALIDATE_PRODUCT = YES;
			};
			name = Release;
		};
		ADEAE5131FB6C8F50048F876 /* Debug */ = {
			isa = XCBuildConfiguration;
			baseConfigurationReference = 55B69D6DCD87607BEB534DEA /* Pods-DCTT.debug.xcconfig */;
			buildSettings = {
				DEVELOPMENT_TEAM = 8R29X3H9MY;
				INFOPLIST_FILE = DCTT/Info.plist;
				IPHONEOS_DEPLOYMENT_TARGET = 9.0;
				LD_RUNPATH_SEARCH_PATHS = "$(inherited) @executable_path/Frameworks";
				PRODUCT_BUNDLE_IDENTIFIER = "com.gener-tech.DCTT";
				PRODUCT_NAME = "$(TARGET_NAME)";
				SWIFT_INCLUDE_PATHS = "";
				SWIFT_OBJC_BRIDGING_HEADER = "DCTT/BaseController/KLTAnimateNav/DCTT-Bridging-Header.h";
				SWIFT_VERSION = 3.0;
				TARGETED_DEVICE_FAMILY = "1,2";
			};
			name = Debug;
		};
		ADEAE5141FB6C8F50048F876 /* Release */ = {
			isa = XCBuildConfiguration;
			baseConfigurationReference = 604BC239A7045558390DF0BE /* Pods-DCTT.release.xcconfig */;
			buildSettings = {
				DEVELOPMENT_TEAM = 8R29X3H9MY;
				INFOPLIST_FILE = DCTT/Info.plist;
				IPHONEOS_DEPLOYMENT_TARGET = 9.0;
				LD_RUNPATH_SEARCH_PATHS = "$(inherited) @executable_path/Frameworks";
				PRODUCT_BUNDLE_IDENTIFIER = "com.gener-tech.DCTT";
				PRODUCT_NAME = "$(TARGET_NAME)";
				SWIFT_INCLUDE_PATHS = "";
				SWIFT_OBJC_BRIDGING_HEADER = "DCTT/BaseController/KLTAnimateNav/DCTT-Bridging-Header.h";
				SWIFT_VERSION = 3.0;
				TARGETED_DEVICE_FAMILY = "1,2";
			};
			name = Release;
		};
/* End XCBuildConfiguration section */

/* Begin XCConfigurationList section */
		ADEAE4FB1FB6C8F50048F876 /* Build configuration list for PBXProject "DCTT" */ = {
			isa = XCConfigurationList;
			buildConfigurations = (
				ADEAE5101FB6C8F50048F876 /* Debug */,
				ADEAE5111FB6C8F50048F876 /* Release */,
			);
			defaultConfigurationIsVisible = 0;
			defaultConfigurationName = Release;
		};
		ADEAE5121FB6C8F50048F876 /* Build configuration list for PBXNativeTarget "DCTT" */ = {
			isa = XCConfigurationList;
			buildConfigurations = (
				ADEAE5131FB6C8F50048F876 /* Debug */,
				ADEAE5141FB6C8F50048F876 /* Release */,
			);
			defaultConfigurationIsVisible = 0;
			defaultConfigurationName = Release;
		};
/* End XCConfigurationList section */
	};
	rootObject = ADEAE4F81FB6C8F50048F876 /* Project object */;
}
